
Microsoft Visual Studio Solution File, Format Version 12.00
# Visual Studio Version 16
VisualStudioVersion = 16.0.31729.503
MinimumVisualStudioVersion = 10.0.40219.1
Project("{FAE04EC0-301F-11D3-BF4B-00C04F79EFBC}") = "Itea_NET_COR_2", "Itea_NET_COR_2\Itea_NET_COR_2.csproj", "{C630FC93-30A6-416C-878D-034D6DA67B19}"
EndProject
Global
	GlobalSection(SolutionConfigurationPlatforms) = preSolution
		Debug|Any CPU = Debug|Any CPU
		Release|Any CPU = Release|Any CPU
	EndGlobalSection
	GlobalSection(ProjectConfigurationPlatforms) = postSolution
		{C630FC93-30A6-416C-878D-034D6DA67B19}.Debug|Any CPU.ActiveCfg = Debug|Any CPU
		{C630FC93-30A6-416C-878D-034D6DA67B19}.Debug|Any CPU.Build.0 = Debug|Any CPU
		{C630FC93-30A6-416C-878D-034D6DA67B19}.Release|Any CPU.ActiveCfg = Release|Any CPU
		{C630FC93-30A6-416C-878D-034D6DA67B19}.Release|Any CPU.Build.0 = Release|Any CPU
	EndGlobalSection
	GlobalSection(SolutionProperties) = preSolution
		HideSolutionNode = FALSE
	EndGlobalSection
	GlobalSection(ExtensibilityGlobals) = postSolution
		SolutionGuid = {FFA40EB9-6457-48FF-826A-82061A4BCE02}
	EndGlobalSection
EndGlobal
